PODS:
  - Alamofire (3.5.1)
  - ASToast (1.0.3)
  - ModelMapper (4.0.0)
  - Nimble (4.1.0)
  - Quick (0.9.3)
  - Realm (2.0.1):
    - Realm/Headers (= 2.0.1)
  - Realm/Headers (2.0.1)
  - RealmSwift (2.0.1):
    - Realm (= 2.0.1)
  - Swinject (1.1.4)

DEPENDENCIES:
  - Alamofire
  - ASToast (= 1.0.3)
  - ModelMapper
  - Nimble (= 4.1.0)
  - Quick (= 0.9.3)
  - RealmSwift
  - Swinject

SPEC CHECKSUMS:
  Alamofire: 0dfba1184a543e2aa160f4e39cac4e8aba48d223
  ASToast: 3ca73a088e2c0b4c2cf0af3ef7b83a19cfd98733
  ModelMapper: 047e26a92f48e3ac16af3ac07e8e049ecc33feae
  Nimble: 97a0a4cae5124c117115634b2d055d8c97d0af19
  Quick: 13a2a2b19a5d8e3ed4fd0c36ee46597fd77ebf71
  Realm: 0557ee0e4ab4f0936c90e370056d1ed6265f93d6
  RealmSwift: 64e00af79bdcd7d2a7a23fdc1cb3faf22b80ae4c
  Swinject: 8863ebff588a8574f1bc9af8a6abed11389865f7

PODFILE CHECKSUM: 770f8a93c6bacef89501fc80054f3fd8d8edaddd

COCOAPODS: 1.0.1
