PODS:
  - Nimble (4.1.0)
  - Quick (0.9.3)
  - Swinject (1.1.3)

DEPENDENCIES:
  - Nimble
  - Quick
  - Swinject

SPEC CHECKSUMS:
  Nimble: 97a0a4cae5124c117115634b2d055d8c97d0af19
  Quick: 13a2a2b19a5d8e3ed4fd0c36ee46597fd77ebf71
  Swinject: 69273c2419f93d52603c3a546f5d2792ee1a5e98

PODFILE CHECKSUM: a4cec3c7371af2356fea2e29061e7314fd664927

COCOAPODS: 1.0.1
